{
  "lockfileVersion": 1,
  "workspaces": {
    "": {
      "name": "ten_agent_speechmatics_web",
      "dependencies": {
        "agora-rtc-sdk-ng": "^4.21.0",
        "axios": "^1.7.7",
        "motion": "^12.23.24",
        "next": "^15.0.2",
        "ogl": "^1.0.11",
        "react": "^18",
        "react-dom": "^18",
      },
      "devDependencies": {
        "@types/node": "^20",
        "@types/react": "^18",
        "@types/react-dom": "^18",
        "typescript": "^5",
      },
    },
  },
  "packages": {
    "@agora-js/media": ["@agora-js/media@4.24.0", "", { "dependencies": { "@agora-js/report": "4.24.0", "@agora-js/shared": "4.24.0", "agora-rte-extension": "^1.2.4", "axios": "^1.8.3", "webrtc-adapter": "8.2.0" } }, "sha512-foii2klr5+qonLznxN0ZZFejoxLt/W8do79wmIsADPZLw2uZjRP35m0lqUGiLXBKeQ8u3i4UygPzEdFaY26hrw=="],

    "@agora-js/report": ["@agora-js/report@4.24.0", "", { "dependencies": { "@agora-js/shared": "4.24.0", "axios": "^1.8.3" } }, "sha512-MYbtkdY1Ls0KW0iagUzrPzyvqMWlyCWSC5odEb1SQaraAl7DJeDUkf91a3wxKzrjVah+LCxFxsS4lCFDxvKgNA=="],

    "@agora-js/shared": ["@agora-js/shared@4.24.0", "", { "dependencies": { "axios": "^1.8.3", "ua-parser-js": "^0.7.34" } }, "sha512-Vj67ZcTHZI+1ctWusrEPSSGLM3l6CFiAze/Bi8r7YHRMLivzhZR79nV6GiKvHS3muLAON2YAExznvjPIly6lcg=="],

    "@emnapi/runtime": ["@emnapi/runtime@1.5.0", "", { "dependencies": { "tslib": "^2.4.0" } }, "sha512-97/BJ3iXHww3djw6hYIfErCZFee7qCtrneuLa20UXFCOTCfBM2cvQHjWJ2EG0s0MtdNwInarqCTz35i4wWXHsQ=="],

    "@img/colour": ["@img/colour@1.0.0", "", {}, "sha512-A5P/LfWGFSl6nsckYtjw9da+19jB8hkJ6ACTGcDfEJ0aE+l2n2El7dsVM7UVHZQ9s2lmYMWlrS21YLy2IR1LUw=="],

    "@img/sharp-darwin-arm64": ["@img/sharp-darwin-arm64@0.34.4", "", { "optionalDependencies": { "@img/sharp-libvips-darwin-arm64": "1.2.3" }, "os": "darwin", "cpu": "arm64" }, "sha512-sitdlPzDVyvmINUdJle3TNHl+AG9QcwiAMsXmccqsCOMZNIdW2/7S26w0LyU8euiLVzFBL3dXPwVCq/ODnf2vA=="],

    "@img/sharp-darwin-x64": ["@img/sharp-darwin-x64@0.34.4", "", { "optionalDependencies": { "@img/sharp-libvips-darwin-x64": "1.2.3" }, "os": "darwin", "cpu": "x64" }, "sha512-rZheupWIoa3+SOdF/IcUe1ah4ZDpKBGWcsPX6MT0lYniH9micvIU7HQkYTfrx5Xi8u+YqwLtxC/3vl8TQN6rMg=="],

    "@img/sharp-libvips-darwin-arm64": ["@img/sharp-libvips-darwin-arm64@1.2.3", "", { "os": "darwin", "cpu": "arm64" }, "sha512-QzWAKo7kpHxbuHqUC28DZ9pIKpSi2ts2OJnoIGI26+HMgq92ZZ4vk8iJd4XsxN+tYfNJxzH6W62X5eTcsBymHw=="],

    "@img/sharp-libvips-darwin-x64": ["@img/sharp-libvips-darwin-x64@1.2.3", "", { "os": "darwin", "cpu": "x64" }, "sha512-Ju+g2xn1E2AKO6YBhxjj+ACcsPQRHT0bhpglxcEf+3uyPY+/gL8veniKoo96335ZaPo03bdDXMv0t+BBFAbmRA=="],

    "@img/sharp-libvips-linux-arm": ["@img/sharp-libvips-linux-arm@1.2.3", "", { "os": "linux", "cpu": "arm" }, "sha512-x1uE93lyP6wEwGvgAIV0gP6zmaL/a0tGzJs/BIDDG0zeBhMnuUPm7ptxGhUbcGs4okDJrk4nxgrmxpib9g6HpA=="],

    "@img/sharp-libvips-linux-arm64": ["@img/sharp-libvips-linux-arm64@1.2.3", "", { "os": "linux", "cpu": "arm64" }, "sha512-I4RxkXU90cpufazhGPyVujYwfIm9Nk1QDEmiIsaPwdnm013F7RIceaCc87kAH+oUB1ezqEvC6ga4m7MSlqsJvQ=="],

    "@img/sharp-libvips-linux-ppc64": ["@img/sharp-libvips-linux-ppc64@1.2.3", "", { "os": "linux", "cpu": "ppc64" }, "sha512-Y2T7IsQvJLMCBM+pmPbM3bKT/yYJvVtLJGfCs4Sp95SjvnFIjynbjzsa7dY1fRJX45FTSfDksbTp6AGWudiyCg=="],

    "@img/sharp-libvips-linux-s390x": ["@img/sharp-libvips-linux-s390x@1.2.3", "", { "os": "linux", "cpu": "s390x" }, "sha512-RgWrs/gVU7f+K7P+KeHFaBAJlNkD1nIZuVXdQv6S+fNA6syCcoboNjsV2Pou7zNlVdNQoQUpQTk8SWDHUA3y/w=="],

    "@img/sharp-libvips-linux-x64": ["@img/sharp-libvips-linux-x64@1.2.3", "", { "os": "linux", "cpu": "x64" }, "sha512-3JU7LmR85K6bBiRzSUc/Ff9JBVIFVvq6bomKE0e63UXGeRw2HPVEjoJke1Yx+iU4rL7/7kUjES4dZ/81Qjhyxg=="],

    "@img/sharp-libvips-linuxmusl-arm64": ["@img/sharp-libvips-linuxmusl-arm64@1.2.3", "", { "os": "linux", "cpu": "arm64" }, "sha512-F9q83RZ8yaCwENw1GieztSfj5msz7GGykG/BA+MOUefvER69K/ubgFHNeSyUu64amHIYKGDs4sRCMzXVj8sEyw=="],

    "@img/sharp-libvips-linuxmusl-x64": ["@img/sharp-libvips-linuxmusl-x64@1.2.3", "", { "os": "linux", "cpu": "x64" }, "sha512-U5PUY5jbc45ANM6tSJpsgqmBF/VsL6LnxJmIf11kB7J5DctHgqm0SkuXzVWtIY90GnJxKnC/JT251TDnk1fu/g=="],

    "@img/sharp-linux-arm": ["@img/sharp-linux-arm@0.34.4", "", { "optionalDependencies": { "@img/sharp-libvips-linux-arm": "1.2.3" }, "os": "linux", "cpu": "arm" }, "sha512-Xyam4mlqM0KkTHYVSuc6wXRmM7LGN0P12li03jAnZ3EJWZqj83+hi8Y9UxZUbxsgsK1qOEwg7O0Bc0LjqQVtxA=="],

    "@img/sharp-linux-arm64": ["@img/sharp-linux-arm64@0.34.4", "", { "optionalDependencies": { "@img/sharp-libvips-linux-arm64": "1.2.3" }, "os": "linux", "cpu": "arm64" }, "sha512-YXU1F/mN/Wu786tl72CyJjP/Ngl8mGHN1hST4BGl+hiW5jhCnV2uRVTNOcaYPs73NeT/H8Upm3y9582JVuZHrQ=="],

    "@img/sharp-linux-ppc64": ["@img/sharp-linux-ppc64@0.34.4", "", { "optionalDependencies": { "@img/sharp-libvips-linux-ppc64": "1.2.3" }, "os": "linux", "cpu": "ppc64" }, "sha512-F4PDtF4Cy8L8hXA2p3TO6s4aDt93v+LKmpcYFLAVdkkD3hSxZzee0rh6/+94FpAynsuMpLX5h+LRsSG3rIciUQ=="],

    "@img/sharp-linux-s390x": ["@img/sharp-linux-s390x@0.34.4", "", { "optionalDependencies": { "@img/sharp-libvips-linux-s390x": "1.2.3" }, "os": "linux", "cpu": "s390x" }, "sha512-qVrZKE9Bsnzy+myf7lFKvng6bQzhNUAYcVORq2P7bDlvmF6u2sCmK2KyEQEBdYk+u3T01pVsPrkj943T1aJAsw=="],

    "@img/sharp-linux-x64": ["@img/sharp-linux-x64@0.34.4", "", { "optionalDependencies": { "@img/sharp-libvips-linux-x64": "1.2.3" }, "os": "linux", "cpu": "x64" }, "sha512-ZfGtcp2xS51iG79c6Vhw9CWqQC8l2Ot8dygxoDoIQPTat/Ov3qAa8qpxSrtAEAJW+UjTXc4yxCjNfxm4h6Xm2A=="],

    "@img/sharp-linuxmusl-arm64": ["@img/sharp-linuxmusl-arm64@0.34.4", "", { "optionalDependencies": { "@img/sharp-libvips-linuxmusl-arm64": "1.2.3" }, "os": "linux", "cpu": "arm64" }, "sha512-8hDVvW9eu4yHWnjaOOR8kHVrew1iIX+MUgwxSuH2XyYeNRtLUe4VNioSqbNkB7ZYQJj9rUTT4PyRscyk2PXFKA=="],

    "@img/sharp-linuxmusl-x64": ["@img/sharp-linuxmusl-x64@0.34.4", "", { "optionalDependencies": { "@img/sharp-libvips-linuxmusl-x64": "1.2.3" }, "os": "linux", "cpu": "x64" }, "sha512-lU0aA5L8QTlfKjpDCEFOZsTYGn3AEiO6db8W5aQDxj0nQkVrZWmN3ZP9sYKWJdtq3PWPhUNlqehWyXpYDcI9Sg=="],

    "@img/sharp-wasm32": ["@img/sharp-wasm32@0.34.4", "", { "dependencies": { "@emnapi/runtime": "^1.5.0" }, "cpu": "none" }, "sha512-33QL6ZO/qpRyG7woB/HUALz28WnTMI2W1jgX3Nu2bypqLIKx/QKMILLJzJjI+SIbvXdG9fUnmrxR7vbi1sTBeA=="],

    "@img/sharp-win32-arm64": ["@img/sharp-win32-arm64@0.34.4", "", { "os": "win32", "cpu": "arm64" }, "sha512-2Q250do/5WXTwxW3zjsEuMSv5sUU4Tq9VThWKlU2EYLm4MB7ZeMwF+SFJutldYODXF6jzc6YEOC+VfX0SZQPqA=="],

    "@img/sharp-win32-ia32": ["@img/sharp-win32-ia32@0.34.4", "", { "os": "win32", "cpu": "ia32" }, "sha512-3ZeLue5V82dT92CNL6rsal6I2weKw1cYu+rGKm8fOCCtJTR2gYeUfY3FqUnIJsMUPIH68oS5jmZ0NiJ508YpEw=="],

    "@img/sharp-win32-x64": ["@img/sharp-win32-x64@0.34.4", "", { "os": "win32", "cpu": "x64" }, "sha512-xIyj4wpYs8J18sVN3mSQjwrw7fKUqRw+Z5rnHNCy5fYTxigBz81u5mOMPmFumwjcn8+ld1ppptMBCLic1nz6ig=="],

    "@next/env": ["@next/env@15.5.4", "", {}, "sha512-27SQhYp5QryzIT5uO8hq99C69eLQ7qkzkDPsk3N+GuS2XgOgoYEeOav7Pf8Tn4drECOVDsDg8oj+/DVy8qQL2A=="],

    "@next/swc-darwin-arm64": ["@next/swc-darwin-arm64@15.5.4", "", { "os": "darwin", "cpu": "arm64" }, "sha512-nopqz+Ov6uvorej8ndRX6HlxCYWCO3AHLfKK2TYvxoSB2scETOcfm/HSS3piPqc3A+MUgyHoqE6je4wnkjfrOA=="],

    "@next/swc-darwin-x64": ["@next/swc-darwin-x64@15.5.4", "", { "os": "darwin", "cpu": "x64" }, "sha512-QOTCFq8b09ghfjRJKfb68kU9k2K+2wsC4A67psOiMn849K9ZXgCSRQr0oVHfmKnoqCbEmQWG1f2h1T2vtJJ9mA=="],

    "@next/swc-linux-arm64-gnu": ["@next/swc-linux-arm64-gnu@15.5.4", "", { "os": "linux", "cpu": "arm64" }, "sha512-eRD5zkts6jS3VfE/J0Kt1VxdFqTnMc3QgO5lFE5GKN3KDI/uUpSyK3CjQHmfEkYR4wCOl0R0XrsjpxfWEA++XA=="],

    "@next/swc-linux-arm64-musl": ["@next/swc-linux-arm64-musl@15.5.4", "", { "os": "linux", "cpu": "arm64" }, "sha512-TOK7iTxmXFc45UrtKqWdZ1shfxuL4tnVAOuuJK4S88rX3oyVV4ZkLjtMT85wQkfBrOOvU55aLty+MV8xmcJR8A=="],

    "@next/swc-linux-x64-gnu": ["@next/swc-linux-x64-gnu@15.5.4", "", { "os": "linux", "cpu": "x64" }, "sha512-7HKolaj+481FSW/5lL0BcTkA4Ueam9SPYWyN/ib/WGAFZf0DGAN8frNpNZYFHtM4ZstrHZS3LY3vrwlIQfsiMA=="],

    "@next/swc-linux-x64-musl": ["@next/swc-linux-x64-musl@15.5.4", "", { "os": "linux", "cpu": "x64" }, "sha512-nlQQ6nfgN0nCO/KuyEUwwOdwQIGjOs4WNMjEUtpIQJPR2NUfmGpW2wkJln1d4nJ7oUzd1g4GivH5GoEPBgfsdw=="],

    "@next/swc-win32-arm64-msvc": ["@next/swc-win32-arm64-msvc@15.5.4", "", { "os": "win32", "cpu": "arm64" }, "sha512-PcR2bN7FlM32XM6eumklmyWLLbu2vs+D7nJX8OAIoWy69Kef8mfiN4e8TUv2KohprwifdpFKPzIP1njuCjD0YA=="],

    "@next/swc-win32-x64-msvc": ["@next/swc-win32-x64-msvc@15.5.4", "", { "os": "win32", "cpu": "x64" }, "sha512-1ur2tSHZj8Px/KMAthmuI9FMp/YFusMMGoRNJaRZMOlSkgvLjzosSdQI0cJAKogdHl3qXUQKL9MGaYvKwA7DXg=="],

    "@swc/helpers": ["@swc/helpers@0.5.15", "", { "dependencies": { "tslib": "^2.8.0" } }, "sha512-JQ5TuMi45Owi4/BIMAJBoSQoOJu12oOk/gADqlcUL9JEdHB8vyjUSsxqeNXnmXHjYKMi2WcYtezGEEhqUI/E2g=="],

    "@types/node": ["@types/node@20.19.18", "", { "dependencies": { "undici-types": "~6.21.0" } }, "sha512-KeYVbfnbsBCyKG8e3gmUqAfyZNcoj/qpEbHRkQkfZdKOBrU7QQ+BsTdfqLSWX9/m1ytYreMhpKvp+EZi3UFYAg=="],

    "@types/prop-types": ["@types/prop-types@15.7.15", "", {}, "sha512-F6bEyamV9jKGAFBEmlQnesRPGOQqS2+Uwi0Em15xenOxHaf2hv6L8YCVn3rPdPJOiJfPiCnLIRyvwVaqMY3MIw=="],

    "@types/react": ["@types/react@18.3.25", "", { "dependencies": { "@types/prop-types": "*", "csstype": "^3.0.2" } }, "sha512-oSVZmGtDPmRZtVDqvdKUi/qgCsWp5IDY29wp8na8Bj4B3cc99hfNzvNhlMkVVxctkAOGUA3Km7MMpBHAnWfcIA=="],

    "@types/react-dom": ["@types/react-dom@18.3.7", "", { "peerDependencies": { "@types/react": "^18.0.0" } }, "sha512-MEe3UeoENYVFXzoXEWsvcpg6ZvlrFNlOQ7EOsvhI3CfAXwzPfO8Qwuxd40nepsYKqyyVQnTdEfv68q91yLcKrQ=="],

    "agora-rtc-sdk-ng": ["agora-rtc-sdk-ng@4.24.0", "", { "dependencies": { "@agora-js/media": "4.24.0", "@agora-js/report": "4.24.0", "@agora-js/shared": "4.24.0", "agora-rte-extension": "^1.2.4", "axios": "^1.8.3", "formdata-polyfill": "^4.0.7", "pako": "^2.1.0", "ua-parser-js": "^0.7.34", "webrtc-adapter": "8.2.0" } }, "sha512-2apG/07EtsuX21ncSF77q+dr6/kDgu9B/RpKtstCtaq46l4/Eraoecewi4zXRUCY3Im+8dzTIXx6jUwyPdxdHQ=="],

    "agora-rte-extension": ["agora-rte-extension@1.2.4", "", {}, "sha512-0ovZz1lbe30QraG1cU+ji7EnQ8aUu+Hf3F+a8xPml3wPOyUQEK6CTdxV9kMecr9t+fIDrGeW7wgJTsM1DQE7Nw=="],

    "async-function": ["async-function@1.0.0", "", {}, "sha512-hsU18Ae8CDTR6Kgu9DYf0EbCr/a5iGL0rytQDobUcdpYOKokk8LEjVphnXkDkgpi0wYVsqrXuP0bZxJaTqdgoA=="],

    "async-generator-function": ["async-generator-function@1.0.0", "", {}, "sha512-+NAXNqgCrB95ya4Sr66i1CL2hqLVckAk7xwRYWdcm39/ELQ6YNn1aw5r0bdQtqNZgQpEWzc5yc/igXc7aL5SLA=="],

    "asynckit": ["asynckit@0.4.0", "", {}, "sha512-Oei9OH4tRh0YqU3GxhX79dM/mwVgvbZJaSNaRk+bshkj0S5cfHcgYakreBjrHwatXKbz+IoIdYLxrKim2MjW0Q=="],

    "axios": ["axios@1.12.2", "", { "dependencies": { "follow-redirects": "^1.15.6", "form-data": "^4.0.4", "proxy-from-env": "^1.1.0" } }, "sha512-vMJzPewAlRyOgxV2dU0Cuz2O8zzzx9VYtbJOaBgXFeLc4IV/Eg50n4LowmehOOR61S8ZMpc2K5Sa7g6A4jfkUw=="],

    "call-bind-apply-helpers": ["call-bind-apply-helpers@1.0.2", "", { "dependencies": { "es-errors": "^1.3.0", "function-bind": "^1.1.2" } }, "sha512-Sp1ablJ0ivDkSzjcaJdxEunN5/XvksFJ2sMBFfq6x0ryhQV/2b/KwFe21cMpmHtPOSij8K99/wSfoEuTObmuMQ=="],

    "caniuse-lite": ["caniuse-lite@1.0.30001746", "", {}, "sha512-eA7Ys/DGw+pnkWWSE/id29f2IcPHVoE8wxtvE5JdvD2V28VTDPy1yEeo11Guz0sJ4ZeGRcm3uaTcAqK1LXaphA=="],

    "client-only": ["client-only@0.0.1", "", {}, "sha512-IV3Ou0jSMzZrd3pZ48nLkT9DA7Ag1pnPzaiQhpW7c3RbcqqzvzzVu+L8gfqMp/8IM2MQtSiqaCxrrcfu8I8rMA=="],

    "combined-stream": ["combined-stream@1.0.8", "", { "dependencies": { "delayed-stream": "~1.0.0" } }, "sha512-FQN4MRfuJeHf7cBbBMJFXhKSDq+2kAArBlmRBvcvFE5BB1HZKXtSFASDhdlz9zOYwxh8lDdnvmMOe/+5cdoEdg=="],

    "csstype": ["csstype@3.1.3", "", {}, "sha512-M1uQkMl8rQK/szD0LNhtqxIPLpimGm8sOBwU7lLnCpSbTyY3yeU1Vc7l4KT5zT4s/yOxHH5O7tIuuLOCnLADRw=="],

    "delayed-stream": ["delayed-stream@1.0.0", "", {}, "sha512-ZySD7Nf91aLB0RxL4KGrKHBXl7Eds1DAmEdcoVawXnLD7SDhpNgtuII2aAkg7a7QS41jxPSZ17p4VdGnMHk3MQ=="],

    "detect-libc": ["detect-libc@2.1.1", "", {}, "sha512-ecqj/sy1jcK1uWrwpR67UhYrIFQ+5WlGxth34WquCbamhFA6hkkwiu37o6J5xCHdo1oixJRfVRw+ywV+Hq/0Aw=="],

    "dunder-proto": ["dunder-proto@1.0.1", "", { "dependencies": { "call-bind-apply-helpers": "^1.0.1", "es-errors": "^1.3.0", "gopd": "^1.2.0" } }, "sha512-KIN/nDJBQRcXw0MLVhZE9iQHmG68qAVIBg9CqmUYjmQIhgij9U5MFvrqkUL5FbtyyzZuOeOt0zdeRe4UY7ct+A=="],

    "es-define-property": ["es-define-property@1.0.1", "", {}, "sha512-e3nRfgfUZ4rNGL232gUgX06QNyyez04KdjFrF+LTRoOXmrOgFKDg4BCdsjW8EnT69eqdYGmRpJwiPVYNrCaW3g=="],

    "es-errors": ["es-errors@1.3.0", "", {}, "sha512-Zf5H2Kxt2xjTvbJvP2ZWLEICxA6j+hAmMzIlypy4xcBg1vKVnx89Wy0GbS+kf5cwCVFFzdCFh2XSCFNULS6csw=="],

    "es-object-atoms": ["es-object-atoms@1.1.1", "", { "dependencies": { "es-errors": "^1.3.0" } }, "sha512-FGgH2h8zKNim9ljj7dankFPcICIK9Cp5bm+c2gQSYePhpaG5+esrLODihIorn+Pe6FGJzWhXQotPv73jTaldXA=="],

    "es-set-tostringtag": ["es-set-tostringtag@2.1.0", "", { "dependencies": { "es-errors": "^1.3.0", "get-intrinsic": "^1.2.6", "has-tostringtag": "^1.0.2", "hasown": "^2.0.2" } }, "sha512-j6vWzfrGVfyXxge+O0x5sh6cvxAog0a/4Rdd2K36zCMV5eJ+/+tOAngRO8cODMNWbVRdVlmGZQL2YS3yR8bIUA=="],

    "fetch-blob": ["fetch-blob@3.2.0", "", { "dependencies": { "node-domexception": "^1.0.0", "web-streams-polyfill": "^3.0.3" } }, "sha512-7yAQpD2UMJzLi1Dqv7qFYnPbaPx7ZfFK6PiIxQ4PfkGPyNyl2Ugx+a/umUonmKqjhM4DnfbMvdX6otXq83soQQ=="],

    "follow-redirects": ["follow-redirects@1.15.11", "", {}, "sha512-deG2P0JfjrTxl50XGCDyfI97ZGVCxIpfKYmfyrQ54n5FO/0gfIES8C/Psl6kWVDolizcaaxZJnTS0QSMxvnsBQ=="],

    "form-data": ["form-data@4.0.4", "", { "dependencies": { "asynckit": "^0.4.0", "combined-stream": "^1.0.8", "es-set-tostringtag": "^2.1.0", "hasown": "^2.0.2", "mime-types": "^2.1.12" } }, "sha512-KrGhL9Q4zjj0kiUt5OO4Mr/A/jlI2jDYs5eHBpYHPcBEVSiipAvn2Ko2HnPe20rmcuuvMHNdZFp+4IlGTMF0Ow=="],

    "formdata-polyfill": ["formdata-polyfill@4.0.10", "", { "dependencies": { "fetch-blob": "^3.1.2" } }, "sha512-buewHzMvYL29jdeQTVILecSaZKnt/RJWjoZCF5OW60Z67/GmSLBkOFM7qh1PI3zFNtJbaZL5eQu1vLfazOwj4g=="],

    "framer-motion": ["framer-motion@12.23.24", "", { "dependencies": { "motion-dom": "^12.23.23", "motion-utils": "^12.23.6", "tslib": "^2.4.0" }, "peerDependencies": { "@emotion/is-prop-valid": "*", "react": "^18.0.0 || ^19.0.0", "react-dom": "^18.0.0 || ^19.0.0" }, "optionalPeers": ["@emotion/is-prop-valid"] }, "sha512-HMi5HRoRCTou+3fb3h9oTLyJGBxHfW+HnNE25tAXOvVx/IvwMHK0cx7IR4a2ZU6sh3IX1Z+4ts32PcYBOqka8w=="],

    "function-bind": ["function-bind@1.1.2", "", {}, "sha512-7XHNxH7qX9xG5mIwxkhumTox/MIRNcOgDrxWsMt2pAr23WHp6MrRlN7FBSFpCpr+oVO0F744iUgR82nJMfG2SA=="],

    "generator-function": ["generator-function@2.0.0", "", {}, "sha512-xPypGGincdfyl/AiSGa7GjXLkvld9V7GjZlowup9SHIJnQnHLFiLODCd/DqKOp0PBagbHJ68r1KJI9Mut7m4sA=="],

    "get-intrinsic": ["get-intrinsic@1.3.1", "", { "dependencies": { "async-function": "^1.0.0", "async-generator-function": "^1.0.0", "call-bind-apply-helpers": "^1.0.2", "es-define-property": "^1.0.1", "es-errors": "^1.3.0", "es-object-atoms": "^1.1.1", "function-bind": "^1.1.2", "generator-function": "^2.0.0", "get-proto": "^1.0.1", "gopd": "^1.2.0", "has-symbols": "^1.1.0", "hasown": "^2.0.2", "math-intrinsics": "^1.1.0" } }, "sha512-fk1ZVEeOX9hVZ6QzoBNEC55+Ucqg4sTVwrVuigZhuRPESVFpMyXnd3sbXvPOwp7Y9riVyANiqhEuRF0G1aVSeQ=="],

    "get-proto": ["get-proto@1.0.1", "", { "dependencies": { "dunder-proto": "^1.0.1", "es-object-atoms": "^1.0.0" } }, "sha512-sTSfBjoXBp89JvIKIefqw7U2CCebsc74kiY6awiGogKtoSGbgjYE/G/+l9sF3MWFPNc9IcoOC4ODfKHfxFmp0g=="],

    "gopd": ["gopd@1.2.0", "", {}, "sha512-ZUKRh6/kUFoAiTAtTYPZJ3hw9wNxx+BIBOijnlG9PnrJsCcSjs1wyyD6vJpaYtgnzDrKYRSqf3OO6Rfa93xsRg=="],

    "has-symbols": ["has-symbols@1.1.0", "", {}, "sha512-1cDNdwJ2Jaohmb3sg4OmKaMBwuC48sYni5HUw2DvsC8LjGTLK9h+eb1X6RyuOHe4hT0ULCW68iomhjUoKUqlPQ=="],

    "has-tostringtag": ["has-tostringtag@1.0.2", "", { "dependencies": { "has-symbols": "^1.0.3" } }, "sha512-NqADB8VjPFLM2V0VvHUewwwsw0ZWBaIdgo+ieHtK3hasLz4qeCRjYcqfB6AQrBggRKppKF8L52/VqdVsO47Dlw=="],

    "hasown": ["hasown@2.0.2", "", { "dependencies": { "function-bind": "^1.1.2" } }, "sha512-0hJU9SCPvmMzIBdZFqNPXWa6dqh7WdH0cII9y+CyS8rG3nL48Bclra9HmKhVVUHyPWNH5Y7xDwAB7bfgSjkUMQ=="],

    "js-tokens": ["js-tokens@4.0.0", "", {}, "sha512-RdJUflcE3cUzKiMqQgsCu06FPu9UdIJO0beYbPhHN4k6apgJtifcoCtT9bcxOpYBtpD2kCM6Sbzg4CausW/PKQ=="],

    "loose-envify": ["loose-envify@1.4.0", "", { "dependencies": { "js-tokens": "^3.0.0 || ^4.0.0" }, "bin": "cli.js" }, "sha512-lyuxPGr/Wfhrlem2CL/UcnUc1zcqKAImBDzukY7Y5F/yQiNdko6+fRLevlw1HgMySw7f611UIY408EtxRSoK3Q=="],

    "math-intrinsics": ["math-intrinsics@1.1.0", "", {}, "sha512-/IXtbwEk5HTPyEwyKX6hGkYXxM9nbj64B+ilVJnC/R6B0pH5G4V3b0pVbL7DBj4tkhBAppbQUlf6F6Xl9LHu1g=="],

    "mime-db": ["mime-db@1.52.0", "", {}, "sha512-sPU4uV7dYlvtWJxwwxHD0PuihVNiE7TyAbQ5SWxDCB9mUYvOgroQOwYQQOKPJ8CIbE+1ETVlOoK1UC2nU3gYvg=="],

    "mime-types": ["mime-types@2.1.35", "", { "dependencies": { "mime-db": "1.52.0" } }, "sha512-ZDY+bPm5zTTF+YpCrAU9nK0UgICYPT0QtT1NZWFv4s++TNkcgVaT0g6+4R2uI4MjQjzysHB1zxuWL50hzaeXiw=="],

    "motion": ["motion@12.23.24", "", { "dependencies": { "framer-motion": "^12.23.24", "tslib": "^2.4.0" }, "peerDependencies": { "@emotion/is-prop-valid": "*", "react": "^18.0.0 || ^19.0.0", "react-dom": "^18.0.0 || ^19.0.0" }, "optionalPeers": ["@emotion/is-prop-valid"] }, "sha512-Rc5E7oe2YZ72N//S3QXGzbnXgqNrTESv8KKxABR20q2FLch9gHLo0JLyYo2hZ238bZ9Gx6cWhj9VO0IgwbMjCw=="],

    "motion-dom": ["motion-dom@12.23.23", "", { "dependencies": { "motion-utils": "^12.23.6" } }, "sha512-n5yolOs0TQQBRUFImrRfs/+6X4p3Q4n1dUEqt/H58Vx7OW6RF+foWEgmTVDhIWJIMXOuNNL0apKH2S16en9eiA=="],

    "motion-utils": ["motion-utils@12.23.6", "", {}, "sha512-eAWoPgr4eFEOFfg2WjIsMoqJTW6Z8MTUCgn/GZ3VRpClWBdnbjryiA3ZSNLyxCTmCQx4RmYX6jX1iWHbenUPNQ=="],

    "nanoid": ["nanoid@3.3.11", "", { "bin": "bin/nanoid.cjs" }, "sha512-N8SpfPUnUp1bK+PMYW8qSWdl9U+wwNWI4QKxOYDy9JAro3WMX7p2OeVRF9v+347pnakNevPmiHhNmZ2HbFA76w=="],

    "next": ["next@15.5.4", "", { "dependencies": { "@next/env": "15.5.4", "@swc/helpers": "0.5.15", "caniuse-lite": "^1.0.30001579", "postcss": "8.4.31", "styled-jsx": "5.1.6" }, "optionalDependencies": { "@next/swc-darwin-arm64": "15.5.4", "@next/swc-darwin-x64": "15.5.4", "@next/swc-linux-arm64-gnu": "15.5.4", "@next/swc-linux-arm64-musl": "15.5.4", "@next/swc-linux-x64-gnu": "15.5.4", "@next/swc-linux-x64-musl": "15.5.4", "@next/swc-win32-arm64-msvc": "15.5.4", "@next/swc-win32-x64-msvc": "15.5.4", "sharp": "^0.34.3" }, "peerDependencies": { "@opentelemetry/api": "^1.1.0", "@playwright/test": "^1.51.1", "babel-plugin-react-compiler": "*", "react": "^18.2.0 || 19.0.0-rc-de68d2f4-20241204 || ^19.0.0", "react-dom": "^18.2.0 || 19.0.0-rc-de68d2f4-20241204 || ^19.0.0", "sass": "^1.3.0" }, "optionalPeers": ["@opentelemetry/api", "@playwright/test", "babel-plugin-react-compiler", "sass"], "bin": "dist/bin/next" }, "sha512-xH4Yjhb82sFYQfY3vbkJfgSDgXvBB6a8xPs9i35k6oZJRoQRihZH+4s9Yo2qsWpzBmZ3lPXaJ2KPXLfkvW4LnA=="],

    "node-domexception": ["node-domexception@1.0.0", "", {}, "sha512-/jKZoMpw0F8GRwl4/eLROPA3cfcXtLApP0QzLmUT/HuPCZWyB7IY9ZrMeKw2O/nFIqPQB3PVM9aYm0F312AXDQ=="],

    "ogl": ["ogl@1.0.11", "", {}, "sha512-kUpC154AFfxi16pmZUK4jk3J+8zxwTWGPo03EoYA8QPbzikHoaC82n6pNTbd+oEaJonaE8aPWBlX7ad9zrqLsA=="],

    "pako": ["pako@2.1.0", "", {}, "sha512-w+eufiZ1WuJYgPXbV/PO3NCMEc3xqylkKHzp8bxp1uW4qaSNQUkwmLLEc3kKsfz8lpV1F8Ht3U1Cm+9Srog2ug=="],

    "picocolors": ["picocolors@1.1.1", "", {}, "sha512-xceH2snhtb5M9liqDsmEw56le376mTZkEX/jEb/RxNFyegNul7eNslCXP9FDj/Lcu0X8KEyMceP2ntpaHrDEVA=="],

    "postcss": ["postcss@8.4.31", "", { "dependencies": { "nanoid": "^3.3.6", "picocolors": "^1.0.0", "source-map-js": "^1.0.2" } }, "sha512-PS08Iboia9mts/2ygV3eLpY5ghnUcfLV/EXTOW1E2qYxJKGGBUtNjN76FYHnMs36RmARn41bC0AZmn+rR0OVpQ=="],

    "proxy-from-env": ["proxy-from-env@1.1.0", "", {}, "sha512-D+zkORCbA9f1tdWRK0RaCR3GPv50cMxcrz4X8k5LTSUD1Dkw47mKJEZQNunItRTkWwgtaUSo1RVFRIG9ZXiFYg=="],

    "react": ["react@18.3.1", "", { "dependencies": { "loose-envify": "^1.1.0" } }, "sha512-wS+hAgJShR0KhEvPJArfuPVN1+Hz1t0Y6n5jLrGQbkb4urgPE/0Rve+1kMB1v/oWgHgm4WIcV+i7F2pTVj+2iQ=="],

    "react-dom": ["react-dom@18.3.1", "", { "dependencies": { "loose-envify": "^1.1.0", "scheduler": "^0.23.2" }, "peerDependencies": { "react": "^18.3.1" } }, "sha512-5m4nQKp+rZRb09LNH59GM4BxTh9251/ylbKIbpe7TpGxfJ+9kv6BLkLBXIjjspbgbnIBNqlI23tRnTWT0snUIw=="],

    "scheduler": ["scheduler@0.23.2", "", { "dependencies": { "loose-envify": "^1.1.0" } }, "sha512-UOShsPwz7NrMUqhR6t0hWjFduvOzbtv7toDH1/hIrfRNIDBnnBWd0CwJTGvTpngVlmwGCdP9/Zl/tVrDqcuYzQ=="],

    "sdp": ["sdp@3.2.1", "", {}, "sha512-lwsAIzOPlH8/7IIjjz3K0zYBk7aBVVcvjMwt3M4fLxpjMYyy7i3I97SLHebgn4YBjirkzfp3RvRDWSKsh/+WFw=="],

    "semver": ["semver@7.7.2", "", { "bin": "bin/semver.js" }, "sha512-RF0Fw+rO5AMf9MAyaRXI4AV0Ulj5lMHqVxxdSgiVbixSCXoEmmX/jk0CuJw4+3SqroYO9VoUh+HcuJivvtJemA=="],

    "sharp": ["sharp@0.34.4", "", { "dependencies": { "@img/colour": "^1.0.0", "detect-libc": "^2.1.0", "semver": "^7.7.2" }, "optionalDependencies": { "@img/sharp-darwin-arm64": "0.34.4", "@img/sharp-darwin-x64": "0.34.4", "@img/sharp-libvips-darwin-arm64": "1.2.3", "@img/sharp-libvips-darwin-x64": "1.2.3", "@img/sharp-libvips-linux-arm": "1.2.3", "@img/sharp-libvips-linux-arm64": "1.2.3", "@img/sharp-libvips-linux-ppc64": "1.2.3", "@img/sharp-libvips-linux-s390x": "1.2.3", "@img/sharp-libvips-linux-x64": "1.2.3", "@img/sharp-libvips-linuxmusl-arm64": "1.2.3", "@img/sharp-libvips-linuxmusl-x64": "1.2.3", "@img/sharp-linux-arm": "0.34.4", "@img/sharp-linux-arm64": "0.34.4", "@img/sharp-linux-ppc64": "0.34.4", "@img/sharp-linux-s390x": "0.34.4", "@img/sharp-linux-x64": "0.34.4", "@img/sharp-linuxmusl-arm64": "0.34.4", "@img/sharp-linuxmusl-x64": "0.34.4", "@img/sharp-wasm32": "0.34.4", "@img/sharp-win32-arm64": "0.34.4", "@img/sharp-win32-ia32": "0.34.4", "@img/sharp-win32-x64": "0.34.4" } }, "sha512-FUH39xp3SBPnxWvd5iib1X8XY7J0K0X7d93sie9CJg2PO8/7gmg89Nve6OjItK53/MlAushNNxteBYfM6DEuoA=="],

    "source-map-js": ["source-map-js@1.2.1", "", {}, "sha512-UXWMKhLOwVKb728IUtQPXxfYU+usdybtUrK/8uGE8CQMvrhOpwvzDBwj0QhSL7MQc7vIsISBG8VQ8+IDQxpfQA=="],

    "styled-jsx": ["styled-jsx@5.1.6", "", { "dependencies": { "client-only": "0.0.1" }, "peerDependencies": { "react": ">= 16.8.0 || 17.x.x || ^18.0.0-0 || ^19.0.0-0" } }, "sha512-qSVyDTeMotdvQYoHWLNGwRFJHC+i+ZvdBRYosOFgC+Wg1vx4frN2/RG/NA7SYqqvKNLf39P2LSRA2pu6n0XYZA=="],

    "tslib": ["tslib@2.8.1", "", {}, "sha512-oJFu94HQb+KVduSUQL7wnpmqnfmLsOA/nAh6b6EH0wCEoK0/mPeXU6c3wKDV83MkOuHPRHtSXKKU99IBazS/2w=="],

    "typescript": ["typescript@5.9.2", "", { "bin": { "tsc": "bin/tsc", "tsserver": "bin/tsserver" } }, "sha512-CWBzXQrc/qOkhidw1OzBTQuYRbfyxDXJMVJ1XNwUHGROVmuaeiEm3OslpZ1RV96d7SKKjZKrSJu3+t/xlw3R9A=="],

    "ua-parser-js": ["ua-parser-js@0.7.41", "", { "bin": "script/cli.js" }, "sha512-O3oYyCMPYgNNHuO7Jjk3uacJWZF8loBgwrfd/5LE/HyZ3lUIOdniQ7DNXJcIgZbwioZxk0fLfI4EVnetdiX5jg=="],

    "undici-types": ["undici-types@6.21.0", "", {}, "sha512-iwDZqg0QAGrg9Rav5H4n0M64c3mkR59cJ6wQp+7C4nI0gsmExaedaYLNO44eT4AtBBwjbTiGPMlt2Md0T9H9JQ=="],

    "web-streams-polyfill": ["web-streams-polyfill@3.3.3", "", {}, "sha512-d2JWLCivmZYTSIoge9MsgFCZrt571BikcWGYkjC1khllbTeDlGqZ2D8vD8E/lJa8WGWbb7Plm8/XJYV7IJHZZw=="],

    "webrtc-adapter": ["webrtc-adapter@8.2.0", "", { "dependencies": { "sdp": "^3.0.2" } }, "sha512-umxCMgedPAVq4Pe/jl3xmelLXLn4XZWFEMR5Iipb5wJ+k1xMX0yC4ZY9CueZUU1MjapFxai1tFGE7R/kotH6Ww=="],
  }
}
