{
  "name": "main_nodejs",
  "version": "1.0.0",
  "lockfileVersion": 3,
  "requires": true,
  "packages": {
    "": {
      "name": "main_nodejs",
      "version": "1.0.0",
      "dependencies": {
        "main_nodejs": "file:",
        "ten-runtime-nodejs": "file:../../system/ten_runtime_nodejs",
        "uuid": "^11.1.0",
        "zod": "^4.0.17"
      },
      "devDependencies": {
        "typescript": "^5.7.2"
      }
    },
    "../../../../../../ten_packages/system/ten_runtime_nodejs": {
      "extraneous": true
    },
    "../../../../../ten_packages/system/ten_runtime_nodejs": {
      "name": "ten-runtime-nodejs",
      "version": "0.0.1",
      "extraneous": true,
      "devDependencies": {
        "@types/node": "^18.19.112",
        "source-map-support": "^0.5.21",
        "typescript": "^5.8.3"
      }
    },
    "../../../../ten_packages/ten_runtime_nodejs": {
      "extraneous": true
    },
    "../../../system/ten_runtime_nodejs": {
      "extraneous": true
    },
    "../../system/ten_runtime_nodejs": {
      "name": "ten-runtime-nodejs",
      "version": "0.0.1",
      "devDependencies": {
        "@types/node": "^18.19.112",
        "source-map-support": "^0.5.21",
        "typescript": "^5.8.3"
      }
    },
    "../../ten_runtime_nodejs": {
      "extraneous": true
    },
    "node_modules/main_nodejs": {
      "resolved": "",
      "link": true
    },
    "node_modules/ten-runtime-nodejs": {
      "resolved": "../../system/ten_runtime_nodejs",
      "link": true
    },
    "node_modules/typescript": {
      "version": "5.9.2",
      "dev": true,
      "license": "Apache-2.0",
      "bin": {
        "tsc": "bin/tsc",
        "tsserver": "bin/tsserver"
      },
      "engines": {
        "node": ">=14.17"
      }
    },
    "node_modules/uuid": {
      "version": "11.1.0",
      "resolved": "https://registry.npmjs.org/uuid/-/uuid-11.1.0.tgz",
      "integrity": "sha512-0/A9rDy9P7cJ+8w1c9WD9V//9Wj15Ce2MPz8Ri6032usz+NfePxx5AcN3bN+r6ZL6jEo066/yNYB3tn4pQEx+A==",
      "funding": [
        "https://github.com/sponsors/broofa",
        "https://github.com/sponsors/ctavan"
      ],
      "license": "MIT",
      "bin": {
        "uuid": "dist/esm/bin/uuid"
      }
    },
    "node_modules/zod": {
      "version": "4.0.17",
      "resolved": "https://registry.npmjs.org/zod/-/zod-4.0.17.tgz",
      "integrity": "sha512-1PHjlYRevNxxdy2JZ8JcNAw7rX8V9P1AKkP+x/xZfxB0K5FYfuV+Ug6P/6NVSR2jHQ+FzDDoDHS04nYUsOIyLQ==",
      "license": "MIT",
      "funding": {
        "url": "https://github.com/sponsors/colinhacks"
      }
    }
  }
}
